
Microsoft Visual Studio Solution File, Format Version 12.00
# Visual Studio Version 16
VisualStudioVersion = 16.0.30105.148
MinimumVisualStudioVersion = 10.0.40219.1
Project("{FAE04EC0-301F-11D3-BF4B-00C04F79EFBC}") = "WingTipApi.Web", "WingTipApi.Web\WingTipApi.Web.csproj", "{321E4E95-334D-4B10-AE96-F7D21EB1F217}"
EndProject
Project("{FAE04EC0-301F-11D3-BF4B-00C04F79EFBC}") = "WingTipApi.DAL", "WingTipApi.DAL\WingTipApi.DAL.csproj", "{AE4894D7-4CFD-43A5-8B3F-CA7D0CF7DBC6}"
EndProject
Project("{FAE04EC0-301F-11D3-BF4B-00C04F79EFBC}") = "WingTipApi.Common", "WingTipApi.Common\WingTipApi.Common.csproj", "{87D30028-D53A-4EF3-9FE9-B115263C56CD}"
EndProject
Project("{FAE04EC0-301F-11D3-BF4B-00C04F79EFBC}") = "WingTipApi.Core", "WingTipApi.Core\WingTipApi.Core.csproj", "{E8FB9057-D754-4202-971A-9C930C9F0388}"
EndProject
Project("{FAE04EC0-301F-11D3-BF4B-00C04F79EFBC}") = "WingTip2.Core.UnitTest", "WingTip2.Core.UnitTest\WingTip2.Core.UnitTest.csproj", "{940D13DB-2DE0-44C5-AD38-49C92FC0ACF4}"
EndProject
Global
	GlobalSection(SolutionConfigurationPlatforms) = preSolution
		Debug|Any CPU = Debug|Any CPU
		Release|Any CPU = Release|Any CPU
	EndGlobalSection
	GlobalSection(ProjectConfigurationPlatforms) = postSolution
		{321E4E95-334D-4B10-AE96-F7D21EB1F217}.Debug|Any CPU.ActiveCfg = Debug|Any CPU
		{321E4E95-334D-4B10-AE96-F7D21EB1F217}.Debug|Any CPU.Build.0 = Debug|Any CPU
		{321E4E95-334D-4B10-AE96-F7D21EB1F217}.Release|Any CPU.ActiveCfg = Release|Any CPU
		{321E4E95-334D-4B10-AE96-F7D21EB1F217}.Release|Any CPU.Build.0 = Release|Any CPU
		{AE4894D7-4CFD-43A5-8B3F-CA7D0CF7DBC6}.Debug|Any CPU.ActiveCfg = Debug|Any CPU
		{AE4894D7-4CFD-43A5-8B3F-CA7D0CF7DBC6}.Debug|Any CPU.Build.0 = Debug|Any CPU
		{AE4894D7-4CFD-43A5-8B3F-CA7D0CF7DBC6}.Release|Any CPU.ActiveCfg = Release|Any CPU
		{AE4894D7-4CFD-43A5-8B3F-CA7D0CF7DBC6}.Release|Any CPU.Build.0 = Release|Any CPU
		{87D30028-D53A-4EF3-9FE9-B115263C56CD}.Debug|Any CPU.ActiveCfg = Debug|Any CPU
		{87D30028-D53A-4EF3-9FE9-B115263C56CD}.Debug|Any CPU.Build.0 = Debug|Any CPU
		{87D30028-D53A-4EF3-9FE9-B115263C56CD}.Release|Any CPU.ActiveCfg = Release|Any CPU
		{87D30028-D53A-4EF3-9FE9-B115263C56CD}.Release|Any CPU.Build.0 = Release|Any CPU
		{E8FB9057-D754-4202-971A-9C930C9F0388}.Debug|Any CPU.ActiveCfg = Debug|Any CPU
		{E8FB9057-D754-4202-971A-9C930C9F0388}.Debug|Any CPU.Build.0 = Debug|Any CPU
		{E8FB9057-D754-4202-971A-9C930C9F0388}.Release|Any CPU.ActiveCfg = Release|Any CPU
		{E8FB9057-D754-4202-971A-9C930C9F0388}.Release|Any CPU.Build.0 = Release|Any CPU
		{940D13DB-2DE0-44C5-AD38-49C92FC0ACF4}.Debug|Any CPU.ActiveCfg = Debug|Any CPU
		{940D13DB-2DE0-44C5-AD38-49C92FC0ACF4}.Debug|Any CPU.Build.0 = Debug|Any CPU
		{940D13DB-2DE0-44C5-AD38-49C92FC0ACF4}.Release|Any CPU.ActiveCfg = Release|Any CPU
		{940D13DB-2DE0-44C5-AD38-49C92FC0ACF4}.Release|Any CPU.Build.0 = Release|Any CPU
	EndGlobalSection
	GlobalSection(SolutionProperties) = preSolution
		HideSolutionNode = FALSE
	EndGlobalSection
	GlobalSection(ExtensibilityGlobals) = postSolution
		SolutionGuid = {CCFE548D-C634-49D5-BF76-AEC93A77C449}
	EndGlobalSection
EndGlobal
